// !$*UTF8*$!
{
	archiveVersion = 1;
	classes = {
	};
	objectVersion = 51;
	objects = {

/* Begin PBXBuildFile section */
		2C01C92AD7A3160DC2D923C5 /* Pods_BLOOR_BLOORUITests.framework in Frameworks */ = {isa = PBXBuildFile; fileRef = D8F32AE6470AACD1214F5CDA /* Pods_BLOOR_BLOORUITests.framework */; };
		4EB299C3CCD38C7642F014CD /* Pods_BLOORTests.framework in Frameworks */ = {isa = PBXBuildFile; fileRef = DCF4337143CEA47657A6A5F6 /* Pods_BLOORTests.framework */; };
		9102438A2353DCBE008FA9DF /* LogInViewController.swift in Sources */ = {isa = PBXBuildFile; fileRef = 910243892353DCBE008FA9DF /* LogInViewController.swift */; };
		9102438C2353DCCE008FA9DF /* LogInViewModel.swift in Sources */ = {isa = PBXBuildFile; fileRef = 9102438B2353DCCE008FA9DF /* LogInViewModel.swift */; };
		911E011A236DD01800448920 /* SearchViewController.swift in Sources */ = {isa = PBXBuildFile; fileRef = 911E0119236DD01800448920 /* SearchViewController.swift */; };
		911E011C236DD04600448920 /* SearchViewModel.swift in Sources */ = {isa = PBXBuildFile; fileRef = 911E011B236DD04600448920 /* SearchViewModel.swift */; };
		911E011E236DD05700448920 /* AccountViewController.swift in Sources */ = {isa = PBXBuildFile; fileRef = 911E011D236DD05700448920 /* AccountViewController.swift */; };
		911E0120236DD06400448920 /* AccountViewModel.swift in Sources */ = {isa = PBXBuildFile; fileRef = 911E011F236DD06400448920 /* AccountViewModel.swift */; };
		912C0EFD2351F8E800AF51C7 /* AppDelegate.swift in Sources */ = {isa = PBXBuildFile; fileRef = 912C0EFC2351F8E800AF51C7 /* AppDelegate.swift */; };
		912C0EFF2351F8E800AF51C7 /* SceneDelegate.swift in Sources */ = {isa = PBXBuildFile; fileRef = 912C0EFE2351F8E800AF51C7 /* SceneDelegate.swift */; };
		912C0F042351F8E800AF51C7 /* Main.storyboard in Resources */ = {isa = PBXBuildFile; fileRef = 912C0F022351F8E800AF51C7 /* Main.storyboard */; };
		912C0F062351F8E900AF51C7 /* Assets.xcassets in Resources */ = {isa = PBXBuildFile; fileRef = 912C0F052351F8E900AF51C7 /* Assets.xcassets */; };
		912C0F092351F8E900AF51C7 /* LaunchScreen.storyboard in Resources */ = {isa = PBXBuildFile; fileRef = 912C0F072351F8E900AF51C7 /* LaunchScreen.storyboard */; };
		912C0F142351F8E900AF51C7 /* BLOORTests.swift in Sources */ = {isa = PBXBuildFile; fileRef = 912C0F132351F8E900AF51C7 /* BLOORTests.swift */; };
		912C0F1F2351F8E900AF51C7 /* BLOORUITests.swift in Sources */ = {isa = PBXBuildFile; fileRef = 912C0F1E2351F8E900AF51C7 /* BLOORUITests.swift */; };
		912C0F302351F99C00AF51C7 /* HomeViewController.swift in Sources */ = {isa = PBXBuildFile; fileRef = 912C0F2F2351F99C00AF51C7 /* HomeViewController.swift */; };
		912C0F322351FCA000AF51C7 /* HomeViewModel.swift in Sources */ = {isa = PBXBuildFile; fileRef = 912C0F312351FCA000AF51C7 /* HomeViewModel.swift */; };
		912C0F3423520A0400AF51C7 /* GoogleService-Info.plist in Resources */ = {isa = PBXBuildFile; fileRef = 912C0F3323520A0400AF51C7 /* GoogleService-Info.plist */; };
		91325891237083C800E3D512 /* Account.storyboard in Resources */ = {isa = PBXBuildFile; fileRef = 91325890237083C800E3D512 /* Account.storyboard */; };
		913258942370883B00E3D512 /* Search.storyboard in Resources */ = {isa = PBXBuildFile; fileRef = 913258922370883B00E3D512 /* Search.storyboard */; };
		9132589823708BEC00E3D512 /* HomeTableViewCell.swift in Sources */ = {isa = PBXBuildFile; fileRef = 9132589723708BEC00E3D512 /* HomeTableViewCell.swift */; };
		91609DD22370C4CD002B3B9D /* Video.swift in Sources */ = {isa = PBXBuildFile; fileRef = 91609DD12370C4CD002B3B9D /* Video.swift */; };
		91609DD52370CF7B002B3B9D /* ProfileViewController.swift in Sources */ = {isa = PBXBuildFile; fileRef = 91609DD42370CF7B002B3B9D /* ProfileViewController.swift */; };
		9163F412236C93AF002576FF /* TopRatedViewController.swift in Sources */ = {isa = PBXBuildFile; fileRef = 9163F411236C93AF002576FF /* TopRatedViewController.swift */; };
		9163F414236C93CB002576FF /* TopRatedViewModel.swift in Sources */ = {isa = PBXBuildFile; fileRef = 9163F413236C93CB002576FF /* TopRatedViewModel.swift */; };
		9163F416236C941C002576FF /* LiveViewController.swift in Sources */ = {isa = PBXBuildFile; fileRef = 9163F415236C941C002576FF /* LiveViewController.swift */; };
		9163F418236C9433002576FF /* LiveViewModel.swift in Sources */ = {isa = PBXBuildFile; fileRef = 9163F417236C9433002576FF /* LiveViewModel.swift */; };
		9163F41A236C944D002576FF /* SubscriptionsViewController.swift in Sources */ = {isa = PBXBuildFile; fileRef = 9163F419236C944D002576FF /* SubscriptionsViewController.swift */; };
		9163F41C236C9461002576FF /* SubscriptionsViewModel.swift in Sources */ = {isa = PBXBuildFile; fileRef = 9163F41B236C9461002576FF /* SubscriptionsViewModel.swift */; };
		9163F41E236C9483002576FF /* LibraryViewController.swift in Sources */ = {isa = PBXBuildFile; fileRef = 9163F41D236C9483002576FF /* LibraryViewController.swift */; };
		9163F420236C9494002576FF /* LibraryViewModel.swift in Sources */ = {isa = PBXBuildFile; fileRef = 9163F41F236C9494002576FF /* LibraryViewModel.swift */; };
		9163F423236DB081002576FF /* Home.storyboard in Resources */ = {isa = PBXBuildFile; fileRef = 9163F421236DB081002576FF /* Home.storyboard */; };
		9163F425236DB0C6002576FF /* TopRated.storyboard in Resources */ = {isa = PBXBuildFile; fileRef = 9163F424236DB0C6002576FF /* TopRated.storyboard */; };
		9163F428236DB0FE002576FF /* Live.storyboard in Resources */ = {isa = PBXBuildFile; fileRef = 9163F426236DB0FE002576FF /* Live.storyboard */; };
		9163F42A236DB11D002576FF /* Subscriptions.storyboard in Resources */ = {isa = PBXBuildFile; fileRef = 9163F429236DB11D002576FF /* Subscriptions.storyboard */; };
		9163F42D236DB14C002576FF /* Library.storyboard in Resources */ = {isa = PBXBuildFile; fileRef = 9163F42B236DB14C002576FF /* Library.storyboard */; };
		91EE5ADA2353DAF3004C8F0F /* SignUpViewController.swift in Sources */ = {isa = PBXBuildFile; fileRef = 91EE5AD92353DAF3004C8F0F /* SignUpViewController.swift */; };
		91EE5ADC2353DB13004C8F0F /* SignUpViewModel.swift in Sources */ = {isa = PBXBuildFile; fileRef = 91EE5ADB2353DB13004C8F0F /* SignUpViewModel.swift */; };
		91F27714236B33A100478546 /* Menu.storyboard in Resources */ = {isa = PBXBuildFile; fileRef = 91F27712236B33A100478546 /* Menu.storyboard */; };
		BE649DF26A52C7ACC10057D3 /* Pods_BLOOR.framework in Frameworks */ = {isa = PBXBuildFile; fileRef = D9798A1673FF3ED637D11931 /* Pods_BLOOR.framework */; };
/* End PBXBuildFile section */

/* Begin PBXContainerItemProxy section */
		912C0F102351F8E900AF51C7 /* PBXContainerItemProxy */ = {
			isa = PBXContainerItemProxy;
			containerPortal = 912C0EF12351F8E800AF51C7 /* Project object */;
			proxyType = 1;
			remoteGlobalIDString = 912C0EF82351F8E800AF51C7;
			remoteInfo = BLOOR;
		};
		912C0F1B2351F8E900AF51C7 /* PBXContainerItemProxy */ = {
			isa = PBXContainerItemProxy;
			containerPortal = 912C0EF12351F8E800AF51C7 /* Project object */;
			proxyType = 1;
			remoteGlobalIDString = 912C0EF82351F8E800AF51C7;
			remoteInfo = BLOOR;
		};
/* End PBXContainerItemProxy section */

/* Begin PBXFileReference section */
		4D8AE7F0B53833F8493A8BEA /* Pods-BLOOR-BLOORUITests.debug.xcconfig */ = {isa = PBXFileReference; includeInIndex = 1; lastKnownFileType = text.xcconfig; name = "Pods-BLOOR-BLOORUITests.debug.xcconfig"; path = "Target Support Files/Pods-BLOOR-BLOORUITests/Pods-BLOOR-BLOORUITests.debug.xcconfig"; sourceTree = "<group>"; };
		7881E55D02F485311F28403E /* Pods-BLOORTests.debug.xcconfig */ = {isa = PBXFileReference; includeInIndex = 1; lastKnownFileType = text.xcconfig; name = "Pods-BLOORTests.debug.xcconfig"; path = "Target Support Files/Pods-BLOORTests/Pods-BLOORTests.debug.xcconfig"; sourceTree = "<group>"; };
		910243892353DCBE008FA9DF /* LogInViewController.swift */ = {isa = PBXFileReference; lastKnownFileType = sourcecode.swift; path = LogInViewController.swift; sourceTree = "<group>"; };
		9102438B2353DCCE008FA9DF /* LogInViewModel.swift */ = {isa = PBXFileReference; lastKnownFileType = sourcecode.swift; path = LogInViewModel.swift; sourceTree = "<group>"; };
		911E0119236DD01800448920 /* SearchViewController.swift */ = {isa = PBXFileReference; lastKnownFileType = sourcecode.swift; path = SearchViewController.swift; sourceTree = "<group>"; };
		911E011B236DD04600448920 /* SearchViewModel.swift */ = {isa = PBXFileReference; lastKnownFileType = sourcecode.swift; path = SearchViewModel.swift; sourceTree = "<group>"; };
		911E011D236DD05700448920 /* AccountViewController.swift */ = {isa = PBXFileReference; lastKnownFileType = sourcecode.swift; path = AccountViewController.swift; sourceTree = "<group>"; };
		911E011F236DD06400448920 /* AccountViewModel.swift */ = {isa = PBXFileReference; lastKnownFileType = sourcecode.swift; path = AccountViewModel.swift; sourceTree = "<group>"; };
		912C0EF92351F8E800AF51C7 /* BLOOR.app */ = {isa = PBXFileReference; explicitFileType = wrapper.application; includeInIndex = 0; path = BLOOR.app; sourceTree = BUILT_PRODUCTS_DIR; };
		912C0EFC2351F8E800AF51C7 /* AppDelegate.swift */ = {isa = PBXFileReference; lastKnownFileType = sourcecode.swift; path = AppDelegate.swift; sourceTree = "<group>"; };
		912C0EFE2351F8E800AF51C7 /* SceneDelegate.swift */ = {isa = PBXFileReference; lastKnownFileType = sourcecode.swift; path = SceneDelegate.swift; sourceTree = "<group>"; };
		912C0F032351F8E800AF51C7 /* Base */ = {isa = PBXFileReference; lastKnownFileType = file.storyboard; name = Base; path = Base.lproj/Main.storyboard; sourceTree = "<group>"; };
		912C0F052351F8E900AF51C7 /* Assets.xcassets */ = {isa = PBXFileReference; lastKnownFileType = folder.assetcatalog; path = Assets.xcassets; sourceTree = "<group>"; };
		912C0F082351F8E900AF51C7 /* Base */ = {isa = PBXFileReference; lastKnownFileType = file.storyboard; name = Base; path = Base.lproj/LaunchScreen.storyboard; sourceTree = "<group>"; };
		912C0F0A2351F8E900AF51C7 /* Info.plist */ = {isa = PBXFileReference; lastKnownFileType = text.plist.xml; path = Info.plist; sourceTree = "<group>"; };
		912C0F0F2351F8E900AF51C7 /* BLOORTests.xctest */ = {isa = PBXFileReference; explicitFileType = wrapper.cfbundle; includeInIndex = 0; path = BLOORTests.xctest; sourceTree = BUILT_PRODUCTS_DIR; };
		912C0F132351F8E900AF51C7 /* BLOORTests.swift */ = {isa = PBXFileReference; lastKnownFileType = sourcecode.swift; path = BLOORTests.swift; sourceTree = "<group>"; };
		912C0F152351F8E900AF51C7 /* Info.plist */ = {isa = PBXFileReference; lastKnownFileType = text.plist.xml; path = Info.plist; sourceTree = "<group>"; };
		912C0F1A2351F8E900AF51C7 /* BLOORUITests.xctest */ = {isa = PBXFileReference; explicitFileType = wrapper.cfbundle; includeInIndex = 0; path = BLOORUITests.xctest; sourceTree = BUILT_PRODUCTS_DIR; };
		912C0F1E2351F8E900AF51C7 /* BLOORUITests.swift */ = {isa = PBXFileReference; lastKnownFileType = sourcecode.swift; path = BLOORUITests.swift; sourceTree = "<group>"; };
		912C0F202351F8E900AF51C7 /* Info.plist */ = {isa = PBXFileReference; lastKnownFileType = text.plist.xml; path = Info.plist; sourceTree = "<group>"; };
		912C0F2F2351F99C00AF51C7 /* HomeViewController.swift */ = {isa = PBXFileReference; lastKnownFileType = sourcecode.swift; path = HomeViewController.swift; sourceTree = "<group>"; };
		912C0F312351FCA000AF51C7 /* HomeViewModel.swift */ = {isa = PBXFileReference; lastKnownFileType = sourcecode.swift; path = HomeViewModel.swift; sourceTree = "<group>"; };
		912C0F3323520A0400AF51C7 /* GoogleService-Info.plist */ = {isa = PBXFileReference; fileEncoding = 4; lastKnownFileType = text.plist.xml; path = "GoogleService-Info.plist"; sourceTree = "<group>"; };
		91325890237083C800E3D512 /* Account.storyboard */ = {isa = PBXFileReference; fileEncoding = 4; lastKnownFileType = file.storyboard; path = Account.storyboard; sourceTree = "<group>"; };
		913258932370883B00E3D512 /* Base */ = {isa = PBXFileReference; lastKnownFileType = file.storyboard; name = Base; path = BLOOR/Sources/BLOOR/Sources/Base.lproj/Search.storyboard; sourceTree = "<group>"; };
		9132589723708BEC00E3D512 /* HomeTableViewCell.swift */ = {isa = PBXFileReference; lastKnownFileType = sourcecode.swift; path = HomeTableViewCell.swift; sourceTree = "<group>"; };
		91609DD12370C4CD002B3B9D /* Video.swift */ = {isa = PBXFileReference; lastKnownFileType = sourcecode.swift; path = Video.swift; sourceTree = "<group>"; };
		91609DD42370CF7B002B3B9D /* ProfileViewController.swift */ = {isa = PBXFileReference; lastKnownFileType = sourcecode.swift; path = ProfileViewController.swift; sourceTree = "<group>"; };
		9163F411236C93AF002576FF /* TopRatedViewController.swift */ = {isa = PBXFileReference; lastKnownFileType = sourcecode.swift; path = TopRatedViewController.swift; sourceTree = "<group>"; };
		9163F413236C93CB002576FF /* TopRatedViewModel.swift */ = {isa = PBXFileReference; lastKnownFileType = sourcecode.swift; path = TopRatedViewModel.swift; sourceTree = "<group>"; };
		9163F415236C941C002576FF /* LiveViewController.swift */ = {isa = PBXFileReference; lastKnownFileType = sourcecode.swift; path = LiveViewController.swift; sourceTree = "<group>"; };
		9163F417236C9433002576FF /* LiveViewModel.swift */ = {isa = PBXFileReference; lastKnownFileType = sourcecode.swift; path = LiveViewModel.swift; sourceTree = "<group>"; };
		9163F419236C944D002576FF /* SubscriptionsViewController.swift */ = {isa = PBXFileReference; lastKnownFileType = sourcecode.swift; path = SubscriptionsViewController.swift; sourceTree = "<group>"; };
		9163F41B236C9461002576FF /* SubscriptionsViewModel.swift */ = {isa = PBXFileReference; lastKnownFileType = sourcecode.swift; path = SubscriptionsViewModel.swift; sourceTree = "<group>"; };
		9163F41D236C9483002576FF /* LibraryViewController.swift */ = {isa = PBXFileReference; lastKnownFileType = sourcecode.swift; path = LibraryViewController.swift; sourceTree = "<group>"; };
		9163F41F236C9494002576FF /* LibraryViewModel.swift */ = {isa = PBXFileReference; lastKnownFileType = sourcecode.swift; path = LibraryViewModel.swift; sourceTree = "<group>"; };
		9163F422236DB081002576FF /* Base */ = {isa = PBXFileReference; lastKnownFileType = file.storyboard; name = Base; path = BLOOR/Sources/BLOOR/Sources/Base.lproj/Home.storyboard; sourceTree = "<group>"; };
		9163F424236DB0C6002576FF /* TopRated.storyboard */ = {isa = PBXFileReference; fileEncoding = 4; lastKnownFileType = file.storyboard; path = TopRated.storyboard; sourceTree = "<group>"; };
		9163F427236DB0FE002576FF /* Base */ = {isa = PBXFileReference; lastKnownFileType = file.storyboard; name = Base; path = BLOOR/Sources/BLOOR/Sources/Base.lproj/Live.storyboard; sourceTree = "<group>"; };
		9163F429236DB11D002576FF /* Subscriptions.storyboard */ = {isa = PBXFileReference; fileEncoding = 4; lastKnownFileType = file.storyboard; path = Subscriptions.storyboard; sourceTree = "<group>"; };
		9163F42C236DB14C002576FF /* Base */ = {isa = PBXFileReference; lastKnownFileType = file.storyboard; name = Base; path = BLOOR/Sources/Base.lproj/Library.storyboard; sourceTree = "<group>"; };
		91EE5AD92353DAF3004C8F0F /* SignUpViewController.swift */ = {isa = PBXFileReference; lastKnownFileType = sourcecode.swift; path = SignUpViewController.swift; sourceTree = "<group>"; };
		91EE5ADB2353DB13004C8F0F /* SignUpViewModel.swift */ = {isa = PBXFileReference; lastKnownFileType = sourcecode.swift; path = SignUpViewModel.swift; sourceTree = "<group>"; };
		91F27713236B33A100478546 /* Base */ = {isa = PBXFileReference; lastKnownFileType = file.storyboard; name = Base; path = BLOOR/Sources/Base.lproj/Menu.storyboard; sourceTree = "<group>"; };
		9D47C3C5EE903CD94071E448 /* Pods-BLOOR-BLOORUITests.release.xcconfig */ = {isa = PBXFileReference; includeInIndex = 1; lastKnownFileType = text.xcconfig; name = "Pods-BLOOR-BLOORUITests.release.xcconfig"; path = "Target Support Files/Pods-BLOOR-BLOORUITests/Pods-BLOOR-BLOORUITests.release.xcconfig"; sourceTree = "<group>"; };
		D04408A573F8B849F564C2AF /* Pods-BLOOR.release.xcconfig */ = {isa = PBXFileReference; includeInIndex = 1; lastKnownFileType = text.xcconfig; name = "Pods-BLOOR.release.xcconfig"; path = "Target Support Files/Pods-BLOOR/Pods-BLOOR.release.xcconfig"; sourceTree = "<group>"; };
		D8F32AE6470AACD1214F5CDA /* Pods_BLOOR_BLOORUITests.framework */ = {isa = PBXFileReference; explicitFileType = wrapper.framework; includeInIndex = 0; path = Pods_BLOOR_BLOORUITests.framework; sourceTree = BUILT_PRODUCTS_DIR; };
		D9798A1673FF3ED637D11931 /* Pods_BLOOR.framework */ = {isa = PBXFileReference; explicitFileType = wrapper.framework; includeInIndex = 0; path = Pods_BLOOR.framework; sourceTree = BUILT_PRODUCTS_DIR; };
		DCF4337143CEA47657A6A5F6 /* Pods_BLOORTests.framework */ = {isa = PBXFileReference; explicitFileType = wrapper.framework; includeInIndex = 0; path = Pods_BLOORTests.framework; sourceTree = BUILT_PRODUCTS_DIR; };
		E290B1682BCE12705AECB093 /* Pods-BLOOR.debug.xcconfig */ = {isa = PBXFileReference; includeInIndex = 1; lastKnownFileType = text.xcconfig; name = "Pods-BLOOR.debug.xcconfig"; path = "Target Support Files/Pods-BLOOR/Pods-BLOOR.debug.xcconfig"; sourceTree = "<group>"; };
		EE09213B05705EEC20D9CDBA /* Pods-BLOORTests.release.xcconfig */ = {isa = PBXFileReference; includeInIndex = 1; lastKnownFileType = text.xcconfig; name = "Pods-BLOORTests.release.xcconfig"; path = "Target Support Files/Pods-BLOORTests/Pods-BLOORTests.release.xcconfig"; sourceTree = "<group>"; };
/* End PBXFileReference section */

/* Begin PBXFrameworksBuildPhase section */
		912C0EF62351F8E800AF51C7 /* Frameworks */ = {
			isa = PBXFrameworksBuildPhase;
			buildActionMask = 2147483647;
			files = (
				BE649DF26A52C7ACC10057D3 /* Pods_BLOOR.framework in Frameworks */,
			);
			runOnlyForDeploymentPostprocessing = 0;
		};
		912C0F0C2351F8E900AF51C7 /* Frameworks */ = {
			isa = PBXFrameworksBuildPhase;
			buildActionMask = 2147483647;
			files = (
				4EB299C3CCD38C7642F014CD /* Pods_BLOORTests.framework in Frameworks */,
			);
			runOnlyForDeploymentPostprocessing = 0;
		};
		912C0F172351F8E900AF51C7 /* Frameworks */ = {
			isa = PBXFrameworksBuildPhase;
			buildActionMask = 2147483647;
			files = (
				2C01C92AD7A3160DC2D923C5 /* Pods_BLOOR_BLOORUITests.framework in Frameworks */,
			);
			runOnlyForDeploymentPostprocessing = 0;
		};
/* End PBXFrameworksBuildPhase section */

/* Begin PBXGroup section */
		1C5DC4B1163D696DA9C5A42B /* Frameworks */ = {
			isa = PBXGroup;
			children = (
				D9798A1673FF3ED637D11931 /* Pods_BLOOR.framework */,
				D8F32AE6470AACD1214F5CDA /* Pods_BLOOR_BLOORUITests.framework */,
				DCF4337143CEA47657A6A5F6 /* Pods_BLOORTests.framework */,
			);
			name = Frameworks;
			sourceTree = "<group>";
		};
		9102438D2353DF30008FA9DF /* LogIn */ = {
			isa = PBXGroup;
			children = (
				910243892353DCBE008FA9DF /* LogInViewController.swift */,
				9102438B2353DCCE008FA9DF /* LogInViewModel.swift */,
			);
			path = LogIn;
			sourceTree = "<group>";
		};
		9102438E2353DF49008FA9DF /* SignUp */ = {
			isa = PBXGroup;
			children = (
				91EE5AD92353DAF3004C8F0F /* SignUpViewController.swift */,
				91EE5ADB2353DB13004C8F0F /* SignUpViewModel.swift */,
			);
			path = SignUp;
			sourceTree = "<group>";
		};
		911E0117236DCFC900448920 /* Search */ = {
			isa = PBXGroup;
			children = (
				911E0119236DD01800448920 /* SearchViewController.swift */,
				911E011B236DD04600448920 /* SearchViewModel.swift */,
			);
			path = Search;
			sourceTree = "<group>";
		};
		911E0118236DCFED00448920 /* Account */ = {
			isa = PBXGroup;
			children = (
				911E011D236DD05700448920 /* AccountViewController.swift */,
				911E011F236DD06400448920 /* AccountViewModel.swift */,
			);
			path = Account;
			sourceTree = "<group>";
		};
		912C0EF02351F8E800AF51C7 = {
			isa = PBXGroup;
			children = (
				912C0EFB2351F8E800AF51C7 /* BLOOR */,
				912C0F122351F8E900AF51C7 /* BLOORTests */,
				912C0F1D2351F8E900AF51C7 /* BLOORUITests */,
				912C0EFA2351F8E800AF51C7 /* Products */,
				CD8108D2ABB2045FC2F2032D /* Pods */,
				1C5DC4B1163D696DA9C5A42B /* Frameworks */,
			);
			sourceTree = "<group>";
		};
		912C0EFA2351F8E800AF51C7 /* Products */ = {
			isa = PBXGroup;
			children = (
				912C0EF92351F8E800AF51C7 /* BLOOR.app */,
				912C0F0F2351F8E900AF51C7 /* BLOORTests.xctest */,
				912C0F1A2351F8E900AF51C7 /* BLOORUITests.xctest */,
			);
			name = Products;
			sourceTree = "<group>";
		};
		912C0EFB2351F8E800AF51C7 /* BLOOR */ = {
			isa = PBXGroup;
			children = (
				912C0F2D2351F94400AF51C7 /* Sources */,
				912C0F2E2351F98500AF51C7 /* Controllers */,
				912C0F2C2351F90100AF51C7 /* Ressources */,
			);
			path = BLOOR;
			sourceTree = "<group>";
		};
		912C0F122351F8E900AF51C7 /* BLOORTests */ = {
			isa = PBXGroup;
			children = (
				912C0F132351F8E900AF51C7 /* BLOORTests.swift */,
				912C0F152351F8E900AF51C7 /* Info.plist */,
			);
			path = BLOORTests;
			sourceTree = "<group>";
		};
		912C0F1D2351F8E900AF51C7 /* BLOORUITests */ = {
			isa = PBXGroup;
			children = (
				912C0F1E2351F8E900AF51C7 /* BLOORUITests.swift */,
				912C0F202351F8E900AF51C7 /* Info.plist */,
			);
			path = BLOORUITests;
			sourceTree = "<group>";
		};
		912C0F2C2351F90100AF51C7 /* Ressources */ = {
			isa = PBXGroup;
			children = (
				912C0F052351F8E900AF51C7 /* Assets.xcassets */,
				912C0F072351F8E900AF51C7 /* LaunchScreen.storyboard */,
				912C0F0A2351F8E900AF51C7 /* Info.plist */,
				912C0F3323520A0400AF51C7 /* GoogleService-Info.plist */,
			);
			path = Ressources;
			sourceTree = "<group>";
		};
		912C0F2D2351F94400AF51C7 /* Sources */ = {
			isa = PBXGroup;
			children = (
				912C0EFC2351F8E800AF51C7 /* AppDelegate.swift */,
				912C0EFE2351F8E800AF51C7 /* SceneDelegate.swift */,
				912C0F022351F8E800AF51C7 /* Main.storyboard */,
				91F27712236B33A100478546 /* Menu.storyboard */,
				913258922370883B00E3D512 /* Search.storyboard */,
				91325890237083C800E3D512 /* Account.storyboard */,
				913258952370884800E3D512 /* Menu */,
			);
			path = Sources;
			sourceTree = "<group>";
		};
		912C0F2E2351F98500AF51C7 /* Controllers */ = {
			isa = PBXGroup;
			children = (
				91609DD32370CF5D002B3B9D /* Profile */,
				9163F40C236C92BD002576FF /* Home */,
				9163F40D236C92FC002576FF /* TopRated */,
				9163F40E236C9310002576FF /* Live */,
				9163F40F236C932B002576FF /* Subscriptions */,
				9163F410236C9348002576FF /* Library */,
				9102438D2353DF30008FA9DF /* LogIn */,
				9102438E2353DF49008FA9DF /* SignUp */,
			);
			path = Controllers;
			sourceTree = "<group>";
		};
		913258952370884800E3D512 /* Menu */ = {
			isa = PBXGroup;
			children = (
				9163F421236DB081002576FF /* Home.storyboard */,
				9163F424236DB0C6002576FF /* TopRated.storyboard */,
				9163F426236DB0FE002576FF /* Live.storyboard */,
				9163F429236DB11D002576FF /* Subscriptions.storyboard */,
				9163F42B236DB14C002576FF /* Library.storyboard */,
			);
			path = Menu;
			sourceTree = "<group>";
		};
		91609DD32370CF5D002B3B9D /* Profile */ = {
			isa = PBXGroup;
			children = (
				911E0118236DCFED00448920 /* Account */,
				91609DD42370CF7B002B3B9D /* ProfileViewController.swift */,
			);
			path = Profile;
			sourceTree = "<group>";
		};
		9163F40C236C92BD002576FF /* Home */ = {
			isa = PBXGroup;
			children = (
				912C0F2F2351F99C00AF51C7 /* HomeViewController.swift */,
				912C0F312351FCA000AF51C7 /* HomeViewModel.swift */,
				9132589723708BEC00E3D512 /* HomeTableViewCell.swift */,
				91609DD12370C4CD002B3B9D /* Video.swift */,
				911E0117236DCFC900448920 /* Search */,
			);
			path = Home;
			sourceTree = "<group>";
		};
		9163F40D236C92FC002576FF /* TopRated */ = {
			isa = PBXGroup;
			children = (
				9163F411236C93AF002576FF /* TopRatedViewController.swift */,
				9163F413236C93CB002576FF /* TopRatedViewModel.swift */,
			);
			path = TopRated;
			sourceTree = "<group>";
		};
		9163F40E236C9310002576FF /* Live */ = {
			isa = PBXGroup;
			children = (
				9163F415236C941C002576FF /* LiveViewController.swift */,
				9163F417236C9433002576FF /* LiveViewModel.swift */,
			);
			path = Live;
			sourceTree = "<group>";
		};
		9163F40F236C932B002576FF /* Subscriptions */ = {
			isa = PBXGroup;
			children = (
				9163F419236C944D002576FF /* SubscriptionsViewController.swift */,
				9163F41B236C9461002576FF /* SubscriptionsViewModel.swift */,
			);
			path = Subscriptions;
			sourceTree = "<group>";
		};
		9163F410236C9348002576FF /* Library */ = {
			isa = PBXGroup;
			children = (
				9163F41D236C9483002576FF /* LibraryViewController.swift */,
				9163F41F236C9494002576FF /* LibraryViewModel.swift */,
			);
			path = Library;
			sourceTree = "<group>";
		};
		CD8108D2ABB2045FC2F2032D /* Pods */ = {
			isa = PBXGroup;
			children = (
				E290B1682BCE12705AECB093 /* Pods-BLOOR.debug.xcconfig */,
				D04408A573F8B849F564C2AF /* Pods-BLOOR.release.xcconfig */,
				4D8AE7F0B53833F8493A8BEA /* Pods-BLOOR-BLOORUITests.debug.xcconfig */,
				9D47C3C5EE903CD94071E448 /* Pods-BLOOR-BLOORUITests.release.xcconfig */,
				7881E55D02F485311F28403E /* Pods-BLOORTests.debug.xcconfig */,
				EE09213B05705EEC20D9CDBA /* Pods-BLOORTests.release.xcconfig */,
			);
			path = Pods;
			sourceTree = "<group>";
		};
/* End PBXGroup section */

/* Begin PBXNativeTarget section */
		912C0EF82351F8E800AF51C7 /* BLOOR */ = {
			isa = PBXNativeTarget;
			buildConfigurationList = 912C0F232351F8E900AF51C7 /* Build configuration list for PBXNativeTarget "BLOOR" */;
			buildPhases = (
				35CB972591D6E43A4B39E56D /* [CP] Check Pods Manifest.lock */,
				912C0EF52351F8E800AF51C7 /* Sources */,
				912C0EF62351F8E800AF51C7 /* Frameworks */,
				912C0EF72351F8E800AF51C7 /* Resources */,
				AC1252689A7113110867641E /* [CP] Embed Pods Frameworks */,
			);
			buildRules = (
			);
			dependencies = (
			);
			name = BLOOR;
			productName = BLOOR;
			productReference = 912C0EF92351F8E800AF51C7 /* BLOOR.app */;
			productType = "com.apple.product-type.application";
		};
		912C0F0E2351F8E900AF51C7 /* BLOORTests */ = {
			isa = PBXNativeTarget;
			buildConfigurationList = 912C0F262351F8E900AF51C7 /* Build configuration list for PBXNativeTarget "BLOORTests" */;
			buildPhases = (
				CA76484E2783DC02CBF020F6 /* [CP] Check Pods Manifest.lock */,
				912C0F0B2351F8E900AF51C7 /* Sources */,
				912C0F0C2351F8E900AF51C7 /* Frameworks */,
				912C0F0D2351F8E900AF51C7 /* Resources */,
			);
			buildRules = (
			);
			dependencies = (
				912C0F112351F8E900AF51C7 /* PBXTargetDependency */,
			);
			name = BLOORTests;
			productName = BLOORTests;
			productReference = 912C0F0F2351F8E900AF51C7 /* BLOORTests.xctest */;
			productType = "com.apple.product-type.bundle.unit-test";
		};
		912C0F192351F8E900AF51C7 /* BLOORUITests */ = {
			isa = PBXNativeTarget;
			buildConfigurationList = 912C0F292351F8E900AF51C7 /* Build configuration list for PBXNativeTarget "BLOORUITests" */;
			buildPhases = (
				F1E3613FE24F39A21931C75B /* [CP] Check Pods Manifest.lock */,
				912C0F162351F8E900AF51C7 /* Sources */,
				912C0F172351F8E900AF51C7 /* Frameworks */,
				912C0F182351F8E900AF51C7 /* Resources */,
				53B7AA9EB7FF1F4BCA25BA36 /* [CP] Embed Pods Frameworks */,
			);
			buildRules = (
			);
			dependencies = (
				912C0F1C2351F8E900AF51C7 /* PBXTargetDependency */,
			);
			name = BLOORUITests;
			productName = BLOORUITests;
			productReference = 912C0F1A2351F8E900AF51C7 /* BLOORUITests.xctest */;
			productType = "com.apple.product-type.bundle.ui-testing";
		};
/* End PBXNativeTarget section */

/* Begin PBXProject section */
		912C0EF12351F8E800AF51C7 /* Project object */ = {
			isa = PBXProject;
			attributes = {
				LastSwiftUpdateCheck = 1110;
				LastUpgradeCheck = 1110;
				ORGANIZATIONNAME = "Damien Rojo";
				TargetAttributes = {
					912C0EF82351F8E800AF51C7 = {
						CreatedOnToolsVersion = 11.1;
					};
					912C0F0E2351F8E900AF51C7 = {
						CreatedOnToolsVersion = 11.1;
						TestTargetID = 912C0EF82351F8E800AF51C7;
					};
					912C0F192351F8E900AF51C7 = {
						CreatedOnToolsVersion = 11.1;
						TestTargetID = 912C0EF82351F8E800AF51C7;
					};
				};
			};
			buildConfigurationList = 912C0EF42351F8E800AF51C7 /* Build configuration list for PBXProject "BLOOR" */;
			compatibilityVersion = "Xcode 9.3";
			developmentRegion = en;
			hasScannedForEncodings = 0;
			knownRegions = (
				en,
				Base,
			);
			mainGroup = 912C0EF02351F8E800AF51C7;
			productRefGroup = 912C0EFA2351F8E800AF51C7 /* Products */;
			projectDirPath = "";
			projectRoot = "";
			targets = (
				912C0EF82351F8E800AF51C7 /* BLOOR */,
				912C0F0E2351F8E900AF51C7 /* BLOORTests */,
				912C0F192351F8E900AF51C7 /* BLOORUITests */,
			);
		};
/* End PBXProject section */

/* Begin PBXResourcesBuildPhase section */
		912C0EF72351F8E800AF51C7 /* Resources */ = {
			isa = PBXResourcesBuildPhase;
			buildActionMask = 2147483647;
			files = (
				9163F42A236DB11D002576FF /* Subscriptions.storyboard in Resources */,
				91F27714236B33A100478546 /* Menu.storyboard in Resources */,
				9163F42D236DB14C002576FF /* Library.storyboard in Resources */,
				912C0F092351F8E900AF51C7 /* LaunchScreen.storyboard in Resources */,
				912C0F3423520A0400AF51C7 /* GoogleService-Info.plist in Resources */,
				9163F425236DB0C6002576FF /* TopRated.storyboard in Resources */,
				91325891237083C800E3D512 /* Account.storyboard in Resources */,
				9163F423236DB081002576FF /* Home.storyboard in Resources */,
				912C0F062351F8E900AF51C7 /* Assets.xcassets in Resources */,
				9163F428236DB0FE002576FF /* Live.storyboard in Resources */,
				913258942370883B00E3D512 /* Search.storyboard in Resources */,
				912C0F042351F8E800AF51C7 /* Main.storyboard in Resources */,
			);
			runOnlyForDeploymentPostprocessing = 0;
		};
		912C0F0D2351F8E900AF51C7 /* Resources */ = {
			isa = PBXResourcesBuildPhase;
			buildActionMask = 2147483647;
			files = (
			);
			runOnlyForDeploymentPostprocessing = 0;
		};
		912C0F182351F8E900AF51C7 /* Resources */ = {
			isa = PBXResourcesBuildPhase;
			buildActionMask = 2147483647;
			files = (
			);
			runOnlyForDeploymentPostprocessing = 0;
		};
/* End PBXResourcesBuildPhase section */

/* Begin PBXShellScriptBuildPhase section */
		35CB972591D6E43A4B39E56D /* [CP] Check Pods Manifest.lock */ = {
			isa = PBXShellScriptBuildPhase;
			buildActionMask = 2147483647;
			files = (
			);
			inputFileListPaths = (
			);
			inputPaths = (
				"${PODS_PODFILE_DIR_PATH}/Podfile.lock",
				"${PODS_ROOT}/Manifest.lock",
			);
			name = "[CP] Check Pods Manifest.lock";
			outputFileListPaths = (
			);
			outputPaths = (
				"$(DERIVED_FILE_DIR)/Pods-BLOOR-checkManifestLockResult.txt",
			);
			runOnlyForDeploymentPostprocessing = 0;
			shellPath = /bin/sh;
			shellScript = "diff \"${PODS_PODFILE_DIR_PATH}/Podfile.lock\" \"${PODS_ROOT}/Manifest.lock\" > /dev/null\nif [ $? != 0 ] ; then\n    # print error to STDERR\n    echo \"error: The sandbox is not in sync with the Podfile.lock. Run 'pod install' or update your CocoaPods installation.\" >&2\n    exit 1\nfi\n# This output is used by Xcode 'outputs' to avoid re-running this script phase.\necho \"SUCCESS\" > \"${SCRIPT_OUTPUT_FILE_0}\"\n";
			showEnvVarsInLog = 0;
		};
		53B7AA9EB7FF1F4BCA25BA36 /* [CP] Embed Pods Frameworks */ = {
			isa = PBXShellScriptBuildPhase;
			buildActionMask = 2147483647;
			files = (
			);
			inputFileListPaths = (
				"${PODS_ROOT}/Target Support Files/Pods-BLOOR-BLOORUITests/Pods-BLOOR-BLOORUITests-frameworks-${CONFIGURATION}-input-files.xcfilelist",
			);
			name = "[CP] Embed Pods Frameworks";
			outputFileListPaths = (
				"${PODS_ROOT}/Target Support Files/Pods-BLOOR-BLOORUITests/Pods-BLOOR-BLOORUITests-frameworks-${CONFIGURATION}-output-files.xcfilelist",
			);
			runOnlyForDeploymentPostprocessing = 0;
			shellPath = /bin/sh;
			shellScript = "\"${PODS_ROOT}/Target Support Files/Pods-BLOOR-BLOORUITests/Pods-BLOOR-BLOORUITests-frameworks.sh\"\n";
			showEnvVarsInLog = 0;
		};
		AC1252689A7113110867641E /* [CP] Embed Pods Frameworks */ = {
			isa = PBXShellScriptBuildPhase;
			buildActionMask = 2147483647;
			files = (
			);
			inputFileListPaths = (
				"${PODS_ROOT}/Target Support Files/Pods-BLOOR/Pods-BLOOR-frameworks-${CONFIGURATION}-input-files.xcfilelist",
			);
			name = "[CP] Embed Pods Frameworks";
			outputFileListPaths = (
				"${PODS_ROOT}/Target Support Files/Pods-BLOOR/Pods-BLOOR-frameworks-${CONFIGURATION}-output-files.xcfilelist",
			);
			runOnlyForDeploymentPostprocessing = 0;
			shellPath = /bin/sh;
			shellScript = "\"${PODS_ROOT}/Target Support Files/Pods-BLOOR/Pods-BLOOR-frameworks.sh\"\n";
			showEnvVarsInLog = 0;
		};
		CA76484E2783DC02CBF020F6 /* [CP] Check Pods Manifest.lock */ = {
			isa = PBXShellScriptBuildPhase;
			buildActionMask = 2147483647;
			files = (
			);
			inputFileListPaths = (
			);
			inputPaths = (
				"${PODS_PODFILE_DIR_PATH}/Podfile.lock",
				"${PODS_ROOT}/Manifest.lock",
			);
			name = "[CP] Check Pods Manifest.lock";
			outputFileListPaths = (
			);
			outputPaths = (
				"$(DERIVED_FILE_DIR)/Pods-BLOORTests-checkManifestLockResult.txt",
			);
			runOnlyForDeploymentPostprocessing = 0;
			shellPath = /bin/sh;
			shellScript = "diff \"${PODS_PODFILE_DIR_PATH}/Podfile.lock\" \"${PODS_ROOT}/Manifest.lock\" > /dev/null\nif [ $? != 0 ] ; then\n    # print error to STDERR\n    echo \"error: The sandbox is not in sync with the Podfile.lock. Run 'pod install' or update your CocoaPods installation.\" >&2\n    exit 1\nfi\n# This output is used by Xcode 'outputs' to avoid re-running this script phase.\necho \"SUCCESS\" > \"${SCRIPT_OUTPUT_FILE_0}\"\n";
			showEnvVarsInLog = 0;
		};
		F1E3613FE24F39A21931C75B /* [CP] Check Pods Manifest.lock */ = {
			isa = PBXShellScriptBuildPhase;
			buildActionMask = 2147483647;
			files = (
			);
			inputFileListPaths = (
			);
			inputPaths = (
				"${PODS_PODFILE_DIR_PATH}/Podfile.lock",
				"${PODS_ROOT}/Manifest.lock",
			);
			name = "[CP] Check Pods Manifest.lock";
			outputFileListPaths = (
			);
			outputPaths = (
				"$(DERIVED_FILE_DIR)/Pods-BLOOR-BLOORUITests-checkManifestLockResult.txt",
			);
			runOnlyForDeploymentPostprocessing = 0;
			shellPath = /bin/sh;
			shellScript = "diff \"${PODS_PODFILE_DIR_PATH}/Podfile.lock\" \"${PODS_ROOT}/Manifest.lock\" > /dev/null\nif [ $? != 0 ] ; then\n    # print error to STDERR\n    echo \"error: The sandbox is not in sync with the Podfile.lock. Run 'pod install' or update your CocoaPods installation.\" >&2\n    exit 1\nfi\n# This output is used by Xcode 'outputs' to avoid re-running this script phase.\necho \"SUCCESS\" > \"${SCRIPT_OUTPUT_FILE_0}\"\n";
			showEnvVarsInLog = 0;
		};
/* End PBXShellScriptBuildPhase section */

/* Begin PBXSourcesBuildPhase section */
		912C0EF52351F8E800AF51C7 /* Sources */ = {
			isa = PBXSourcesBuildPhase;
			buildActionMask = 2147483647;
			files = (
				912C0EFD2351F8E800AF51C7 /* AppDelegate.swift in Sources */,
				9163F41E236C9483002576FF /* LibraryViewController.swift in Sources */,
				9163F420236C9494002576FF /* LibraryViewModel.swift in Sources */,
				911E011A236DD01800448920 /* SearchViewController.swift in Sources */,
				912C0EFF2351F8E800AF51C7 /* SceneDelegate.swift in Sources */,
				912C0F302351F99C00AF51C7 /* HomeViewController.swift in Sources */,
				911E0120236DD06400448920 /* AccountViewModel.swift in Sources */,
				91609DD22370C4CD002B3B9D /* Video.swift in Sources */,
				911E011C236DD04600448920 /* SearchViewModel.swift in Sources */,
				9102438A2353DCBE008FA9DF /* LogInViewController.swift in Sources */,
				9132589823708BEC00E3D512 /* HomeTableViewCell.swift in Sources */,
				9102438C2353DCCE008FA9DF /* LogInViewModel.swift in Sources */,
				912C0F322351FCA000AF51C7 /* HomeViewModel.swift in Sources */,
				9163F418236C9433002576FF /* LiveViewModel.swift in Sources */,
				9163F41C236C9461002576FF /* SubscriptionsViewModel.swift in Sources */,
				91609DD52370CF7B002B3B9D /* ProfileViewController.swift in Sources */,
				911E011E236DD05700448920 /* AccountViewController.swift in Sources */,
				91EE5ADC2353DB13004C8F0F /* SignUpViewModel.swift in Sources */,
				91EE5ADA2353DAF3004C8F0F /* SignUpViewController.swift in Sources */,
				9163F412236C93AF002576FF /* TopRatedViewController.swift in Sources */,
				9163F414236C93CB002576FF /* TopRatedViewModel.swift in Sources */,
				9163F41A236C944D002576FF /* SubscriptionsViewController.swift in Sources */,
				9163F416236C941C002576FF /* LiveViewController.swift in Sources */,
			);
			runOnlyForDeploymentPostprocessing = 0;
		};
		912C0F0B2351F8E900AF51C7 /* Sources */ = {
			isa = PBXSourcesBuildPhase;
			buildActionMask = 2147483647;
			files = (
				912C0F142351F8E900AF51C7 /* BLOORTests.swift in Sources */,
			);
			runOnlyForDeploymentPostprocessing = 0;
		};
		912C0F162351F8E900AF51C7 /* Sources */ = {
			isa = PBXSourcesBuildPhase;
			buildActionMask = 2147483647;
			files = (
				912C0F1F2351F8E900AF51C7 /* BLOORUITests.swift in Sources */,
			);
			runOnlyForDeploymentPostprocessing = 0;
		};
/* End PBXSourcesBuildPhase section */

/* Begin PBXTargetDependency section */
		912C0F112351F8E900AF51C7 /* PBXTargetDependency */ = {
			isa = PBXTargetDependency;
			target = 912C0EF82351F8E800AF51C7 /* BLOOR */;
			targetProxy = 912C0F102351F8E900AF51C7 /* PBXContainerItemProxy */;
		};
		912C0F1C2351F8E900AF51C7 /* PBXTargetDependency */ = {
			isa = PBXTargetDependency;
			target = 912C0EF82351F8E800AF51C7 /* BLOOR */;
			targetProxy = 912C0F1B2351F8E900AF51C7 /* PBXContainerItemProxy */;
		};
/* End PBXTargetDependency section */

/* Begin PBXVariantGroup section */
		912C0F022351F8E800AF51C7 /* Main.storyboard */ = {
			isa = PBXVariantGroup;
			children = (
				912C0F032351F8E800AF51C7 /* Base */,
			);
			name = Main.storyboard;
			sourceTree = "<group>";
		};
		912C0F072351F8E900AF51C7 /* LaunchScreen.storyboard */ = {
			isa = PBXVariantGroup;
			children = (
				912C0F082351F8E900AF51C7 /* Base */,
			);
			name = LaunchScreen.storyboard;
			sourceTree = "<group>";
		};
		913258922370883B00E3D512 /* Search.storyboard */ = {
			isa = PBXVariantGroup;
			children = (
				913258932370883B00E3D512 /* Base */,
			);
			name = Search.storyboard;
			sourceTree = "<group>";
		};
		9163F421236DB081002576FF /* Home.storyboard */ = {
			isa = PBXVariantGroup;
			children = (
				9163F422236DB081002576FF /* Base */,
			);
			name = Home.storyboard;
			sourceTree = "<group>";
		};
		9163F426236DB0FE002576FF /* Live.storyboard */ = {
			isa = PBXVariantGroup;
			children = (
				9163F427236DB0FE002576FF /* Base */,
			);
			name = Live.storyboard;
			sourceTree = "<group>";
		};
		9163F42B236DB14C002576FF /* Library.storyboard */ = {
			isa = PBXVariantGroup;
			children = (
				9163F42C236DB14C002576FF /* Base */,
			);
			name = Library.storyboard;
			sourceTree = "<group>";
		};
		91F27712236B33A100478546 /* Menu.storyboard */ = {
			isa = PBXVariantGroup;
			children = (
				91F27713236B33A100478546 /* Base */,
			);
			name = Menu.storyboard;
			sourceTree = "<group>";
		};
/* End PBXVariantGroup section */

/* Begin XCBuildConfiguration section */
		912C0F212351F8E900AF51C7 /* Debug */ = {
			isa = XCBuildConfiguration;
			buildSettings = {
				ALWAYS_SEARCH_USER_PATHS = NO;
				CLANG_ANALYZER_NONNULL = YES;
				CLANG_ANALYZER_NUMBER_OBJECT_CONVERSION = YES_AGGRESSIVE;
				CLANG_CXX_LANGUAGE_STANDARD = "gnu++14";
				CLANG_CXX_LIBRARY = "libc++";
				CLANG_ENABLE_MODULES = YES;
				CLANG_ENABLE_OBJC_ARC = YES;
				CLANG_ENABLE_OBJC_WEAK = YES;
				CLANG_WARN_BLOCK_CAPTURE_AUTORELEASING = YES;
				CLANG_WARN_BOOL_CONVERSION = YES;
				CLANG_WARN_COMMA = YES;
				CLANG_WARN_CONSTANT_CONVERSION = YES;
				CLANG_WARN_DEPRECATED_OBJC_IMPLEMENTATIONS = YES;
				CLANG_WARN_DIRECT_OBJC_ISA_USAGE = YES_ERROR;
				CLANG_WARN_DOCUMENTATION_COMMENTS = YES;
				CLANG_WARN_EMPTY_BODY = YES;
				CLANG_WARN_ENUM_CONVERSION = YES;
				CLANG_WARN_INFINITE_RECURSION = YES;
				CLANG_WARN_INT_CONVERSION = YES;
				CLANG_WARN_NON_LITERAL_NULL_CONVERSION = YES;
				CLANG_WARN_OBJC_IMPLICIT_RETAIN_SELF = YES;
				CLANG_WARN_OBJC_LITERAL_CONVERSION = YES;
				CLANG_WARN_OBJC_ROOT_CLASS = YES_ERROR;
				CLANG_WARN_RANGE_LOOP_ANALYSIS = YES;
				CLANG_WARN_STRICT_PROTOTYPES = YES;
				CLANG_WARN_SUSPICIOUS_MOVE = YES;
				CLANG_WARN_UNGUARDED_AVAILABILITY = YES_AGGRESSIVE;
				CLANG_WARN_UNREACHABLE_CODE = YES;
				CLANG_WARN__DUPLICATE_METHOD_MATCH = YES;
				COPY_PHASE_STRIP = NO;
				DEBUG_INFORMATION_FORMAT = dwarf;
				ENABLE_STRICT_OBJC_MSGSEND = YES;
				ENABLE_TESTABILITY = YES;
				GCC_C_LANGUAGE_STANDARD = gnu11;
				GCC_DYNAMIC_NO_PIC = NO;
				GCC_NO_COMMON_BLOCKS = YES;
				GCC_OPTIMIZATION_LEVEL = 0;
				GCC_PREPROCESSOR_DEFINITIONS = (
					"DEBUG=1",
					"$(inherited)",
				);
				GCC_WARN_64_TO_32_BIT_CONVERSION = YES;
				GCC_WARN_ABOUT_RETURN_TYPE = YES_ERROR;
				GCC_WARN_UNDECLARED_SELECTOR = YES;
				GCC_WARN_UNINITIALIZED_AUTOS = YES_AGGRESSIVE;
				GCC_WARN_UNUSED_FUNCTION = YES;
				GCC_WARN_UNUSED_VARIABLE = YES;
				IPHONEOS_DEPLOYMENT_TARGET = 13.1;
				MTL_ENABLE_DEBUG_INFO = INCLUDE_SOURCE;
				MTL_FAST_MATH = YES;
				ONLY_ACTIVE_ARCH = YES;
				SDKROOT = iphoneos;
				SWIFT_ACTIVE_COMPILATION_CONDITIONS = DEBUG;
				SWIFT_ENABLE_BATCH_MODE = NO;
				SWIFT_OPTIMIZATION_LEVEL = "-Onone";
			};
			name = Debug;
		};
		912C0F222351F8E900AF51C7 /* Release */ = {
			isa = XCBuildConfiguration;
			buildSettings = {
				ALWAYS_SEARCH_USER_PATHS = NO;
				CLANG_ANALYZER_NONNULL = YES;
				CLANG_ANALYZER_NUMBER_OBJECT_CONVERSION = YES_AGGRESSIVE;
				CLANG_CXX_LANGUAGE_STANDARD = "gnu++14";
				CLANG_CXX_LIBRARY = "libc++";
				CLANG_ENABLE_MODULES = YES;
				CLANG_ENABLE_OBJC_ARC = YES;
				CLANG_ENABLE_OBJC_WEAK = YES;
				CLANG_WARN_BLOCK_CAPTURE_AUTORELEASING = YES;
				CLANG_WARN_BOOL_CONVERSION = YES;
				CLANG_WARN_COMMA = YES;
				CLANG_WARN_CONSTANT_CONVERSION = YES;
				CLANG_WARN_DEPRECATED_OBJC_IMPLEMENTATIONS = YES;
				CLANG_WARN_DIRECT_OBJC_ISA_USAGE = YES_ERROR;
				CLANG_WARN_DOCUMENTATION_COMMENTS = YES;
				CLANG_WARN_EMPTY_BODY = YES;
				CLANG_WARN_ENUM_CONVERSION = YES;
				CLANG_WARN_INFINITE_RECURSION = YES;
				CLANG_WARN_INT_CONVERSION = YES;
				CLANG_WARN_NON_LITERAL_NULL_CONVERSION = YES;
				CLANG_WARN_OBJC_IMPLICIT_RETAIN_SELF = YES;
				CLANG_WARN_OBJC_LITERAL_CONVERSION = YES;
				CLANG_WARN_OBJC_ROOT_CLASS = YES_ERROR;
				CLANG_WARN_RANGE_LOOP_ANALYSIS = YES;
				CLANG_WARN_STRICT_PROTOTYPES = YES;
				CLANG_WARN_SUSPICIOUS_MOVE = YES;
				CLANG_WARN_UNGUARDED_AVAILABILITY = YES_AGGRESSIVE;
				CLANG_WARN_UNREACHABLE_CODE = YES;
				CLANG_WARN__DUPLICATE_METHOD_MATCH = YES;
				COPY_PHASE_STRIP = NO;
				DEBUG_INFORMATION_FORMAT = "dwarf-with-dsym";
				ENABLE_NS_ASSERTIONS = NO;
				ENABLE_STRICT_OBJC_MSGSEND = YES;
				GCC_C_LANGUAGE_STANDARD = gnu11;
				GCC_NO_COMMON_BLOCKS = YES;
				GCC_WARN_64_TO_32_BIT_CONVERSION = YES;
				GCC_WARN_ABOUT_RETURN_TYPE = YES_ERROR;
				GCC_WARN_UNDECLARED_SELECTOR = YES;
				GCC_WARN_UNINITIALIZED_AUTOS = YES_AGGRESSIVE;
				GCC_WARN_UNUSED_FUNCTION = YES;
				GCC_WARN_UNUSED_VARIABLE = YES;
				IPHONEOS_DEPLOYMENT_TARGET = 13.1;
				MTL_ENABLE_DEBUG_INFO = NO;
				MTL_FAST_MATH = YES;
				SDKROOT = iphoneos;
				SWIFT_COMPILATION_MODE = wholemodule;
				SWIFT_ENABLE_BATCH_MODE = NO;
				SWIFT_OPTIMIZATION_LEVEL = "-O";
				VALIDATE_PRODUCT = YES;
			};
			name = Release;
		};
		912C0F242351F8E900AF51C7 /* Debug */ = {
			isa = XCBuildConfiguration;
			baseConfigurationReference = E290B1682BCE12705AECB093 /* Pods-BLOOR.debug.xcconfig */;
			buildSettings = {
				ASSETCATALOG_COMPILER_APPICON_NAME = AppIcon;
				CODE_SIGN_STYLE = Automatic;
				INFOPLIST_FILE = BLOOR/Ressources/Info.plist;
				LD_RUNPATH_SEARCH_PATHS = (
					"$(inherited)",
					"@executable_path/Frameworks",
				);
				PRODUCT_BUNDLE_IDENTIFIER = com.radio.BLOOR;
				PRODUCT_NAME = "$(TARGET_NAME)";
				SWIFT_VERSION = 5.0;
				TARGETED_DEVICE_FAMILY = "1,2";
			};
			name = Debug;
		};
		912C0F252351F8E900AF51C7 /* Release */ = {
			isa = XCBuildConfiguration;
			baseConfigurationReference = D04408A573F8B849F564C2AF /* Pods-BLOOR.release.xcconfig */;
			buildSettings = {
				ASSETCATALOG_COMPILER_APPICON_NAME = AppIcon;
				CODE_SIGN_STYLE = Automatic;
				INFOPLIST_FILE = BLOOR/Ressources/Info.plist;
				LD_RUNPATH_SEARCH_PATHS = (
					"$(inherited)",
					"@executable_path/Frameworks",
				);
				PRODUCT_BUNDLE_IDENTIFIER = com.radio.BLOOR;
				PRODUCT_NAME = "$(TARGET_NAME)";
				SWIFT_VERSION = 5.0;
				TARGETED_DEVICE_FAMILY = "1,2";
			};
			name = Release;
		};
		912C0F272351F8E900AF51C7 /* Debug */ = {
			isa = XCBuildConfiguration;
			baseConfigurationReference = 7881E55D02F485311F28403E /* Pods-BLOORTests.debug.xcconfig */;
			buildSettings = {
				ALWAYS_EMBED_SWIFT_STANDARD_LIBRARIES = YES;
				BUNDLE_LOADER = "$(TEST_HOST)";
				CODE_SIGN_STYLE = Automatic;
				INFOPLIST_FILE = BLOORTests/Info.plist;
				IPHONEOS_DEPLOYMENT_TARGET = 13.1;
				LD_RUNPATH_SEARCH_PATHS = (
					"$(inherited)",
					"@executable_path/Frameworks",
					"@loader_path/Frameworks",
				);
				PRODUCT_BUNDLE_IDENTIFIER = radio.BLOORTests;
				PRODUCT_NAME = "$(TARGET_NAME)";
				SWIFT_VERSION = 5.0;
				TARGETED_DEVICE_FAMILY = "1,2";
				TEST_HOST = "$(BUILT_PRODUCTS_DIR)/BLOOR.app/BLOOR";
			};
			name = Debug;
		};
		912C0F282351F8E900AF51C7 /* Release */ = {
			isa = XCBuildConfiguration;
			baseConfigurationReference = EE09213B05705EEC20D9CDBA /* Pods-BLOORTests.release.xcconfig */;
			buildSettings = {
				ALWAYS_EMBED_SWIFT_STANDARD_LIBRARIES = YES;
				BUNDLE_LOADER = "$(TEST_HOST)";
				CODE_SIGN_STYLE = Automatic;
				INFOPLIST_FILE = BLOORTests/Info.plist;
				IPHONEOS_DEPLOYMENT_TARGET = 13.1;
				LD_RUNPATH_SEARCH_PATHS = (
					"$(inherited)",
					"@executable_path/Frameworks",
					"@loader_path/Frameworks",
				);
				PRODUCT_BUNDLE_IDENTIFIER = radio.BLOORTests;
				PRODUCT_NAME = "$(TARGET_NAME)";
				SWIFT_VERSION = 5.0;
				TARGETED_DEVICE_FAMILY = "1,2";
				TEST_HOST = "$(BUILT_PRODUCTS_DIR)/BLOOR.app/BLOOR";
			};
			name = Release;
		};
		912C0F2A2351F8E900AF51C7 /* Debug */ = {
			isa = XCBuildConfiguration;
			baseConfigurationReference = 4D8AE7F0B53833F8493A8BEA /* Pods-BLOOR-BLOORUITests.debug.xcconfig */;
			buildSettings = {
				ALWAYS_EMBED_SWIFT_STANDARD_LIBRARIES = YES;
				CODE_SIGN_STYLE = Automatic;
				INFOPLIST_FILE = BLOORUITests/Info.plist;
				LD_RUNPATH_SEARCH_PATHS = (
					"$(inherited)",
					"@executable_path/Frameworks",
					"@loader_path/Frameworks",
				);
				PRODUCT_BUNDLE_IDENTIFIER = radio.BLOORUITests;
				PRODUCT_NAME = "$(TARGET_NAME)";
				SWIFT_VERSION = 5.0;
				TARGETED_DEVICE_FAMILY = "1,2";
				TEST_TARGET_NAME = BLOOR;
			};
			name = Debug;
		};
		912C0F2B2351F8E900AF51C7 /* Release */ = {
			isa = XCBuildConfiguration;
			baseConfigurationReference = 9D47C3C5EE903CD94071E448 /* Pods-BLOOR-BLOORUITests.release.xcconfig */;
			buildSettings = {
				ALWAYS_EMBED_SWIFT_STANDARD_LIBRARIES = YES;
				CODE_SIGN_STYLE = Automatic;
				INFOPLIST_FILE = BLOORUITests/Info.plist;
				LD_RUNPATH_SEARCH_PATHS = (
					"$(inherited)",
					"@executable_path/Frameworks",
					"@loader_path/Frameworks",
				);
				PRODUCT_BUNDLE_IDENTIFIER = radio.BLOORUITests;
				PRODUCT_NAME = "$(TARGET_NAME)";
				SWIFT_VERSION = 5.0;
				TARGETED_DEVICE_FAMILY = "1,2";
				TEST_TARGET_NAME = BLOOR;
			};
			name = Release;
		};
/* End XCBuildConfiguration section */

/* Begin XCConfigurationList section */
		912C0EF42351F8E800AF51C7 /* Build configuration list for PBXProject "BLOOR" */ = {
			isa = XCConfigurationList;
			buildConfigurations = (
				912C0F212351F8E900AF51C7 /* Debug */,
				912C0F222351F8E900AF51C7 /* Release */,
			);
			defaultConfigurationIsVisible = 0;
			defaultConfigurationName = Release;
		};
		912C0F232351F8E900AF51C7 /* Build configuration list for PBXNativeTarget "BLOOR" */ = {
			isa = XCConfigurationList;
			buildConfigurations = (
				912C0F242351F8E900AF51C7 /* Debug */,
				912C0F252351F8E900AF51C7 /* Release */,
			);
			defaultConfigurationIsVisible = 0;
			defaultConfigurationName = Release;
		};
		912C0F262351F8E900AF51C7 /* Build configuration list for PBXNativeTarget "BLOORTests" */ = {
			isa = XCConfigurationList;
			buildConfigurations = (
				912C0F272351F8E900AF51C7 /* Debug */,
				912C0F282351F8E900AF51C7 /* Release */,
			);
			defaultConfigurationIsVisible = 0;
			defaultConfigurationName = Release;
		};
		912C0F292351F8E900AF51C7 /* Build configuration list for PBXNativeTarget "BLOORUITests" */ = {
			isa = XCConfigurationList;
			buildConfigurations = (
				912C0F2A2351F8E900AF51C7 /* Debug */,
				912C0F2B2351F8E900AF51C7 /* Release */,
			);
			defaultConfigurationIsVisible = 0;
			defaultConfigurationName = Release;
		};
/* End XCConfigurationList section */
	};
	rootObject = 912C0EF12351F8E800AF51C7 /* Project object */;
}
